
Microsoft Visual Studio Solution File, Format Version 12.00
# Visual Studio Version 16
VisualStudioVersion = 25.0.1705.0
MinimumVisualStudioVersion = 10.0.40219.1
Project("{FAE04EC0-301F-11D3-BF4B-00C04F79EFBC}") = "CMP1005-AMSWebApiServiceTest", "..\..\Documents\Cambrian\CMP1005 - Adv Web\CMP1005-AMSWebApiServiceTest\CMP1005-AMSWebApiServiceTest.csproj", "{EAC432E7-2705-4008-9532-7D35FEBEB2EF}"
EndProject
Project("{FAE04EC0-301F-11D3-BF4B-00C04F79EFBC}") = "AMSLibrary", "AMSLibrary\AMSLibrary.csproj", "{B211EE11-9820-4374-83D3-7ADA36F2A662}"
EndProject
Project("{9344BDBB-3E7F-41FC-A0DD-8665D75EE146}") = "CMP1005-AMSWebApiService", "..\..\Documents\Cambrian\CMP1005 - Adv Web\CMP1005-AMS\CMP1005-AMS\CMP1005-AMSApiService\CMP1005-AMSWebApiService.csproj", "{C863321C-AF15-453B-87D2-FDF5008E7423}"
EndProject
Project("{FAE04EC0-301F-11D3-BF4B-00C04F79EFBC}") = "CMP1005-AMSWebApiService", "CMP1005-AMSApiService\CMP1005-AMSWebApiService.csproj", "{324E55F2-E9E3-4AED-B524-F035288266C2}"
EndProject
Project("{FAE04EC0-301F-11D3-BF4B-00C04F79EFBC}") = "CMP1005-AMSWebApiServiceTest", "CMP1005-AMSWebApiServiceTest\CMP1005-AMSWebApiServiceTest.csproj", "{B4A7C711-A15F-47BF-A215-0BD1B2618673}"
EndProject
Global
	GlobalSection(SolutionConfigurationPlatforms) = preSolution
		Debug|Any CPU = Debug|Any CPU
		Release|Any CPU = Release|Any CPU
	EndGlobalSection
	GlobalSection(ProjectConfigurationPlatforms) = postSolution
		{EAC432E7-2705-4008-9532-7D35FEBEB2EF}.Debug|Any CPU.ActiveCfg = Debug|Any CPU
		{EAC432E7-2705-4008-9532-7D35FEBEB2EF}.Debug|Any CPU.Build.0 = Debug|Any CPU
		{EAC432E7-2705-4008-9532-7D35FEBEB2EF}.Release|Any CPU.ActiveCfg = Release|Any CPU
		{EAC432E7-2705-4008-9532-7D35FEBEB2EF}.Release|Any CPU.Build.0 = Release|Any CPU
		{B211EE11-9820-4374-83D3-7ADA36F2A662}.Debug|Any CPU.ActiveCfg = Debug|Any CPU
		{B211EE11-9820-4374-83D3-7ADA36F2A662}.Debug|Any CPU.Build.0 = Debug|Any CPU
		{B211EE11-9820-4374-83D3-7ADA36F2A662}.Release|Any CPU.ActiveCfg = Release|Any CPU
		{B211EE11-9820-4374-83D3-7ADA36F2A662}.Release|Any CPU.Build.0 = Release|Any CPU
		{C863321C-AF15-453B-87D2-FDF5008E7423}.Debug|Any CPU.ActiveCfg = Debug|Any CPU
		{C863321C-AF15-453B-87D2-FDF5008E7423}.Debug|Any CPU.Build.0 = Debug|Any CPU
		{C863321C-AF15-453B-87D2-FDF5008E7423}.Release|Any CPU.ActiveCfg = Release|Any CPU
		{C863321C-AF15-453B-87D2-FDF5008E7423}.Release|Any CPU.Build.0 = Release|Any CPU
		{324E55F2-E9E3-4AED-B524-F035288266C2}.Debug|Any CPU.ActiveCfg = Debug|Any CPU
		{324E55F2-E9E3-4AED-B524-F035288266C2}.Debug|Any CPU.Build.0 = Debug|Any CPU
		{324E55F2-E9E3-4AED-B524-F035288266C2}.Release|Any CPU.ActiveCfg = Release|Any CPU
		{324E55F2-E9E3-4AED-B524-F035288266C2}.Release|Any CPU.Build.0 = Release|Any CPU
		{B4A7C711-A15F-47BF-A215-0BD1B2618673}.Debug|Any CPU.ActiveCfg = Debug|Any CPU
		{B4A7C711-A15F-47BF-A215-0BD1B2618673}.Debug|Any CPU.Build.0 = Debug|Any CPU
		{B4A7C711-A15F-47BF-A215-0BD1B2618673}.Release|Any CPU.ActiveCfg = Release|Any CPU
		{B4A7C711-A15F-47BF-A215-0BD1B2618673}.Release|Any CPU.Build.0 = Release|Any CPU
	EndGlobalSection
	GlobalSection(SolutionProperties) = preSolution
		HideSolutionNode = FALSE
	EndGlobalSection
	GlobalSection(ExtensibilityGlobals) = postSolution
		SolutionGuid = {04DDC30C-0C83-4E07-8727-91A1A880C3BB}
	EndGlobalSection
EndGlobal
